
Microsoft Visual Studio Solution File, Format Version 12.00
# Visual Studio 14
VisualStudioVersion = 14.0.24720.0
MinimumVisualStudioVersion = 10.0.40219.1
Project("{FAE04EC0-301F-11D3-BF4B-00C04F79EFBC}") = "CasierModel", "CasierModel\CasierModel.csproj", "{53AC2B5F-6E27-442B-92B2-F4C55382AD48}"
EndProject
Project("{FAE04EC0-301F-11D3-BF4B-00C04F79EFBC}") = "ModelManager", "ModelManager\ModelManager.csproj", "{341C3C3E-5221-483D-BE2A-E6E34C96C4DE}"
EndProject
Global
	GlobalSection(SolutionConfigurationPlatforms) = preSolution
		Debug|Any CPU = Debug|Any CPU
		Release|Any CPU = Release|Any CPU
	EndGlobalSection
	GlobalSection(ProjectConfigurationPlatforms) = postSolution
		{53AC2B5F-6E27-442B-92B2-F4C55382AD48}.Debug|Any CPU.ActiveCfg = Debug|Any CPU
		{53AC2B5F-6E27-442B-92B2-F4C55382AD48}.Debug|Any CPU.Build.0 = Debug|Any CPU
		{53AC2B5F-6E27-442B-92B2-F4C55382AD48}.Release|Any CPU.ActiveCfg = Release|Any CPU
		{53AC2B5F-6E27-442B-92B2-F4C55382AD48}.Release|Any CPU.Build.0 = Release|Any CPU
		{341C3C3E-5221-483D-BE2A-E6E34C96C4DE}.Debug|Any CPU.ActiveCfg = Debug|Any CPU
		{341C3C3E-5221-483D-BE2A-E6E34C96C4DE}.Debug|Any CPU.Build.0 = Debug|Any CPU
		{341C3C3E-5221-483D-BE2A-E6E34C96C4DE}.Release|Any CPU.ActiveCfg = Release|Any CPU
		{341C3C3E-5221-483D-BE2A-E6E34C96C4DE}.Release|Any CPU.Build.0 = Release|Any CPU
	EndGlobalSection
	GlobalSection(SolutionProperties) = preSolution
		HideSolutionNode = FALSE
	EndGlobalSection
EndGlobal
